
Microsoft Visual Studio Solution File, Format Version 12.00
# Visual Studio Version 17
VisualStudioVersion = 17.6.33717.318
MinimumVisualStudioVersion = 10.0.40219.1
Project("{2150E333-8FDC-42A3-9474-1A3956D46DE8}") = "src", "src", "{8246BD95-410B-4795-B5AE-FB3FED75158A}"
EndProject
Project("{2150E333-8FDC-42A3-9474-1A3956D46DE8}") = "test", "test", "{12B4C452-B824-4ABD-9E0B-98D60070C4F7}"
EndProject
Project("{FAE04EC0-301F-11D3-BF4B-00C04F79EFBC}") = "POS.Domain", "POS.Domain\POS.Domain.csproj", "{48EACA18-999F-4B74-A89A-FB290C0335C7}"
EndProject
Project("{FAE04EC0-301F-11D3-BF4B-00C04F79EFBC}") = "POS.Infrastrucure", "POS.Infrastrucure\POS.Infrastrucure.csproj", "{F1E088C6-3990-41DD-BF29-6529C8911068}"
EndProject
Project("{FAE04EC0-301F-11D3-BF4B-00C04F79EFBC}") = "POS.Application", "POS.Application\POS.Application.csproj", "{7E388C20-E413-459B-A397-05763625C52B}"
EndProject
Project("{FAE04EC0-301F-11D3-BF4B-00C04F79EFBC}") = "POS.Api", "POS.Api\POS.Api.csproj", "{F3B82D49-E4C2-409A-9282-BD4247349D08}"
EndProject
Project("{FAE04EC0-301F-11D3-BF4B-00C04F79EFBC}") = "POS.Utilities", "POS.Utilities\POS.Utilities.csproj", "{78105D2B-742E-47C2-8893-4DE8DF5B43EE}"
EndProject
Project("{FAE04EC0-301F-11D3-BF4B-00C04F79EFBC}") = "POS.Test", "POS.Test\POS.Test.csproj", "{C660AB6F-95CC-463C-97C5-B147D15AAC19}"
EndProject
Global
	GlobalSection(SolutionConfigurationPlatforms) = preSolution
		Debug|Any CPU = Debug|Any CPU
		Release|Any CPU = Release|Any CPU
	EndGlobalSection
	GlobalSection(ProjectConfigurationPlatforms) = postSolution
		{48EACA18-999F-4B74-A89A-FB290C0335C7}.Debug|Any CPU.ActiveCfg = Debug|Any CPU
		{48EACA18-999F-4B74-A89A-FB290C0335C7}.Debug|Any CPU.Build.0 = Debug|Any CPU
		{48EACA18-999F-4B74-A89A-FB290C0335C7}.Release|Any CPU.ActiveCfg = Release|Any CPU
		{48EACA18-999F-4B74-A89A-FB290C0335C7}.Release|Any CPU.Build.0 = Release|Any CPU
		{F1E088C6-3990-41DD-BF29-6529C8911068}.Debug|Any CPU.ActiveCfg = Debug|Any CPU
		{F1E088C6-3990-41DD-BF29-6529C8911068}.Debug|Any CPU.Build.0 = Debug|Any CPU
		{F1E088C6-3990-41DD-BF29-6529C8911068}.Release|Any CPU.ActiveCfg = Release|Any CPU
		{F1E088C6-3990-41DD-BF29-6529C8911068}.Release|Any CPU.Build.0 = Release|Any CPU
		{7E388C20-E413-459B-A397-05763625C52B}.Debug|Any CPU.ActiveCfg = Debug|Any CPU
		{7E388C20-E413-459B-A397-05763625C52B}.Debug|Any CPU.Build.0 = Debug|Any CPU
		{7E388C20-E413-459B-A397-05763625C52B}.Release|Any CPU.ActiveCfg = Release|Any CPU
		{7E388C20-E413-459B-A397-05763625C52B}.Release|Any CPU.Build.0 = Release|Any CPU
		{F3B82D49-E4C2-409A-9282-BD4247349D08}.Debug|Any CPU.ActiveCfg = Debug|Any CPU
		{F3B82D49-E4C2-409A-9282-BD4247349D08}.Debug|Any CPU.Build.0 = Debug|Any CPU
		{F3B82D49-E4C2-409A-9282-BD4247349D08}.Release|Any CPU.ActiveCfg = Release|Any CPU
		{F3B82D49-E4C2-409A-9282-BD4247349D08}.Release|Any CPU.Build.0 = Release|Any CPU
		{78105D2B-742E-47C2-8893-4DE8DF5B43EE}.Debug|Any CPU.ActiveCfg = Debug|Any CPU
		{78105D2B-742E-47C2-8893-4DE8DF5B43EE}.Debug|Any CPU.Build.0 = Debug|Any CPU
		{78105D2B-742E-47C2-8893-4DE8DF5B43EE}.Release|Any CPU.ActiveCfg = Release|Any CPU
		{78105D2B-742E-47C2-8893-4DE8DF5B43EE}.Release|Any CPU.Build.0 = Release|Any CPU
		{C660AB6F-95CC-463C-97C5-B147D15AAC19}.Debug|Any CPU.ActiveCfg = Debug|Any CPU
		{C660AB6F-95CC-463C-97C5-B147D15AAC19}.Debug|Any CPU.Build.0 = Debug|Any CPU
		{C660AB6F-95CC-463C-97C5-B147D15AAC19}.Release|Any CPU.ActiveCfg = Release|Any CPU
		{C660AB6F-95CC-463C-97C5-B147D15AAC19}.Release|Any CPU.Build.0 = Release|Any CPU
	EndGlobalSection
	GlobalSection(SolutionProperties) = preSolution
		HideSolutionNode = FALSE
	EndGlobalSection
	GlobalSection(NestedProjects) = preSolution
		{48EACA18-999F-4B74-A89A-FB290C0335C7} = {8246BD95-410B-4795-B5AE-FB3FED75158A}
		{F1E088C6-3990-41DD-BF29-6529C8911068} = {8246BD95-410B-4795-B5AE-FB3FED75158A}
		{7E388C20-E413-459B-A397-05763625C52B} = {8246BD95-410B-4795-B5AE-FB3FED75158A}
		{F3B82D49-E4C2-409A-9282-BD4247349D08} = {8246BD95-410B-4795-B5AE-FB3FED75158A}
		{78105D2B-742E-47C2-8893-4DE8DF5B43EE} = {8246BD95-410B-4795-B5AE-FB3FED75158A}
		{C660AB6F-95CC-463C-97C5-B147D15AAC19} = {12B4C452-B824-4ABD-9E0B-98D60070C4F7}
	EndGlobalSection
	GlobalSection(ExtensibilityGlobals) = postSolution
		SolutionGuid = {3EDF3D7F-212A-4FF9-9A75-8A30955AE081}
	EndGlobalSection
EndGlobal
