
Microsoft Visual Studio Solution File, Format Version 12.00
# Visual Studio Version 17
VisualStudioVersion = 17.6.33717.318
MinimumVisualStudioVersion = 10.0.40219.1
Project("{2150E333-8FDC-42A3-9474-1A3956D46DE8}") = "src", "src", "{D1999FCE-DCED-4FCF-81B5-5FBA5A51C024}"
EndProject
Project("{2150E333-8FDC-42A3-9474-1A3956D46DE8}") = "test", "test", "{38BE90EF-F00F-4B55-9015-43FD4D3FB9CD}"
EndProject
Project("{FAE04EC0-301F-11D3-BF4B-00C04F79EFBC}") = "POS.Domain", "POS.Domain\POS.Domain.csproj", "{3E95CAB8-34AD-49E4-9D80-DB977E479A1A}"
EndProject
Project("{FAE04EC0-301F-11D3-BF4B-00C04F79EFBC}") = "POS.Infrastructure", "POS.Infrastructure\POS.Infrastructure.csproj", "{654689CD-7A39-4C8F-A13B-E4BA8F1EFEA2}"
EndProject
Project("{FAE04EC0-301F-11D3-BF4B-00C04F79EFBC}") = "POS.Application", "POS.Application\POS.Application.csproj", "{CC070B1C-9693-47E1-9545-92626C9D3AC3}"
EndProject
Project("{FAE04EC0-301F-11D3-BF4B-00C04F79EFBC}") = "POS.API", "POS.API\POS.API.csproj", "{02FEFCAF-9C9C-42AD-BED8-E8181E415C6F}"
EndProject
Project("{FAE04EC0-301F-11D3-BF4B-00C04F79EFBC}") = "POS.Utilities", "POS.Utilities\POS.Utilities.csproj", "{0692637C-BF04-4FEF-A27C-FE5965919F8A}"
EndProject
Project("{FAE04EC0-301F-11D3-BF4B-00C04F79EFBC}") = "POS.Test", "POS.Test\POS.Test.csproj", "{ED70DA7D-C437-40B9-978E-C35CD37E2BB0}"
EndProject
Global
	GlobalSection(SolutionConfigurationPlatforms) = preSolution
		Debug|Any CPU = Debug|Any CPU
		Release|Any CPU = Release|Any CPU
	EndGlobalSection
	GlobalSection(ProjectConfigurationPlatforms) = postSolution
		{3E95CAB8-34AD-49E4-9D80-DB977E479A1A}.Debug|Any CPU.ActiveCfg = Debug|Any CPU
		{3E95CAB8-34AD-49E4-9D80-DB977E479A1A}.Debug|Any CPU.Build.0 = Debug|Any CPU
		{3E95CAB8-34AD-49E4-9D80-DB977E479A1A}.Release|Any CPU.ActiveCfg = Release|Any CPU
		{3E95CAB8-34AD-49E4-9D80-DB977E479A1A}.Release|Any CPU.Build.0 = Release|Any CPU
		{654689CD-7A39-4C8F-A13B-E4BA8F1EFEA2}.Debug|Any CPU.ActiveCfg = Debug|Any CPU
		{654689CD-7A39-4C8F-A13B-E4BA8F1EFEA2}.Debug|Any CPU.Build.0 = Debug|Any CPU
		{654689CD-7A39-4C8F-A13B-E4BA8F1EFEA2}.Release|Any CPU.ActiveCfg = Release|Any CPU
		{654689CD-7A39-4C8F-A13B-E4BA8F1EFEA2}.Release|Any CPU.Build.0 = Release|Any CPU
		{CC070B1C-9693-47E1-9545-92626C9D3AC3}.Debug|Any CPU.ActiveCfg = Debug|Any CPU
		{CC070B1C-9693-47E1-9545-92626C9D3AC3}.Debug|Any CPU.Build.0 = Debug|Any CPU
		{CC070B1C-9693-47E1-9545-92626C9D3AC3}.Release|Any CPU.ActiveCfg = Release|Any CPU
		{CC070B1C-9693-47E1-9545-92626C9D3AC3}.Release|Any CPU.Build.0 = Release|Any CPU
		{02FEFCAF-9C9C-42AD-BED8-E8181E415C6F}.Debug|Any CPU.ActiveCfg = Debug|Any CPU
		{02FEFCAF-9C9C-42AD-BED8-E8181E415C6F}.Debug|Any CPU.Build.0 = Debug|Any CPU
		{02FEFCAF-9C9C-42AD-BED8-E8181E415C6F}.Release|Any CPU.ActiveCfg = Release|Any CPU
		{02FEFCAF-9C9C-42AD-BED8-E8181E415C6F}.Release|Any CPU.Build.0 = Release|Any CPU
		{0692637C-BF04-4FEF-A27C-FE5965919F8A}.Debug|Any CPU.ActiveCfg = Debug|Any CPU
		{0692637C-BF04-4FEF-A27C-FE5965919F8A}.Debug|Any CPU.Build.0 = Debug|Any CPU
		{0692637C-BF04-4FEF-A27C-FE5965919F8A}.Release|Any CPU.ActiveCfg = Release|Any CPU
		{0692637C-BF04-4FEF-A27C-FE5965919F8A}.Release|Any CPU.Build.0 = Release|Any CPU
		{ED70DA7D-C437-40B9-978E-C35CD37E2BB0}.Debug|Any CPU.ActiveCfg = Debug|Any CPU
		{ED70DA7D-C437-40B9-978E-C35CD37E2BB0}.Debug|Any CPU.Build.0 = Debug|Any CPU
		{ED70DA7D-C437-40B9-978E-C35CD37E2BB0}.Release|Any CPU.ActiveCfg = Release|Any CPU
		{ED70DA7D-C437-40B9-978E-C35CD37E2BB0}.Release|Any CPU.Build.0 = Release|Any CPU
	EndGlobalSection
	GlobalSection(SolutionProperties) = preSolution
		HideSolutionNode = FALSE
	EndGlobalSection
	GlobalSection(NestedProjects) = preSolution
		{3E95CAB8-34AD-49E4-9D80-DB977E479A1A} = {D1999FCE-DCED-4FCF-81B5-5FBA5A51C024}
		{654689CD-7A39-4C8F-A13B-E4BA8F1EFEA2} = {D1999FCE-DCED-4FCF-81B5-5FBA5A51C024}
		{CC070B1C-9693-47E1-9545-92626C9D3AC3} = {D1999FCE-DCED-4FCF-81B5-5FBA5A51C024}
		{02FEFCAF-9C9C-42AD-BED8-E8181E415C6F} = {D1999FCE-DCED-4FCF-81B5-5FBA5A51C024}
		{0692637C-BF04-4FEF-A27C-FE5965919F8A} = {D1999FCE-DCED-4FCF-81B5-5FBA5A51C024}
		{ED70DA7D-C437-40B9-978E-C35CD37E2BB0} = {38BE90EF-F00F-4B55-9015-43FD4D3FB9CD}
	EndGlobalSection
	GlobalSection(ExtensibilityGlobals) = postSolution
		SolutionGuid = {27A4ED2D-3386-4D2D-8DA0-353BE443457E}
	EndGlobalSection
EndGlobal
